<?xml version="1.0" encoding="utf-8"?>
<Project ToolsVersion="4.0" xmlns="http://schemas.microsoft.com/developer/msbuild/2003">
  <ItemGroup>
    <Filter Include="源文件">
      <UniqueIdentifier>{4FC737F1-C7A5-4376-A066-2A32D752A2FF}</UniqueIdentifier>
      <Extensions>cpp;c;cc;cxx;def;odl;idl;hpj;bat;asm;asmx</Extensions>
    </Filter>
    <Filter Include="头文件">
      <UniqueIdentifier>{93995380-89BD-4b04-88EB-625FBE52EBFB}</UniqueIdentifier>
      <Extensions>h;hh;hpp;hxx;hm;inl;inc;xsd</Extensions>
    </Filter>
    <Filter Include="资源文件">
      <UniqueIdentifier>{67DA6AB6-F800-4c08-8B7A-83BB121AAD01}</UniqueIdentifier>
      <Extensions>rc;ico;cur;bmp;dlg;rc2;rct;bin;rgs;gif;jpg;jpeg;jpe;resx;tiff;tif;png;wav;mfcribbon-ms</Extensions>
    </Filter>
    <Filter Include="Charset">
      <UniqueIdentifier>{e2ee7d2f-2872-41ec-9144-2c9f14f310a9}</UniqueIdentifier>
    </Filter>
    <Filter Include="Net">
      <UniqueIdentifier>{d5ab0d56-61b4-492d-a3bf-ef149a67ad60}</UniqueIdentifier>
    </Filter>
    <Filter Include="Net\HttpServer">
      <UniqueIdentifier>{5cf4f290-b7ee-4fa6-bd40-18c4084f2f8a}</UniqueIdentifier>
    </Filter>
    <Filter Include="Net\UDPServer">
      <UniqueIdentifier>{5cc0042a-416b-40ac-9c6c-3ac571115060}</UniqueIdentifier>
    </Filter>
  </ItemGroup>
  <ItemGroup>
    <Text Include="ReadMe.txt" />
  </ItemGroup>
  <ItemGroup>
    <ClInclude Include="TestBurnServer.h">
      <Filter>头文件</Filter>
    </ClInclude>
    <ClInclude Include="TestBurnServerDlg.h">
      <Filter>头文件</Filter>
    </ClInclude>
    <ClInclude Include="stdafx.h">
      <Filter>头文件</Filter>
    </ClInclude>
    <ClInclude Include="targetver.h">
      <Filter>头文件</Filter>
    </ClInclude>
    <ClInclude Include="Resource.h">
      <Filter>头文件</Filter>
    </ClInclude>
    <ClInclude Include="HttpClient.h">
      <Filter>头文件</Filter>
    </ClInclude>
    <ClInclude Include="UDPClient.h">
      <Filter>头文件</Filter>
    </ClInclude>
    <ClInclude Include="TestProtocolDlg.h">
      <Filter>头文件</Filter>
    </ClInclude>
    <ClInclude Include="..\Include\Charset\CharsetConvert.h">
      <Filter>Charset</Filter>
    </ClInclude>
    <ClInclude Include="..\Include\Charset\CharsetConvertMFC.h">
      <Filter>Charset</Filter>
    </ClInclude>
    <ClInclude Include="..\Include\Charset\CharsetConvertSTD.h">
      <Filter>Charset</Filter>
    </ClInclude>
    <ClInclude Include="TestPtoServerDlg.h">
      <Filter>头文件</Filter>
    </ClInclude>
    <ClInclude Include="Net\HttpServerChannel.h">
      <Filter>Net\HttpServer</Filter>
    </ClInclude>
    <ClInclude Include="Net\HttpServerModule.h">
      <Filter>Net\HttpServer</Filter>
    </ClInclude>
    <ClInclude Include="Net\CCBUtility.h">
      <Filter>Net\UDPServer</Filter>
    </ClInclude>
    <ClInclude Include="Net\UDPServerChannel.h">
      <Filter>Net\UDPServer</Filter>
    </ClInclude>
    <ClInclude Include="Net\UDPServerModule.h">
      <Filter>Net\UDPServer</Filter>
    </ClInclude>
    <ClInclude Include="CommonDefine.h">
      <Filter>头文件</Filter>
    </ClInclude>
  </ItemGroup>
  <ItemGroup>
    <ClCompile Include="TestBurnServer.cpp">
      <Filter>源文件</Filter>
    </ClCompile>
    <ClCompile Include="TestBurnServerDlg.cpp">
      <Filter>源文件</Filter>
    </ClCompile>
    <ClCompile Include="stdafx.cpp">
      <Filter>源文件</Filter>
    </ClCompile>
    <ClCompile Include="HttpClient.cpp">
      <Filter>源文件</Filter>
    </ClCompile>
    <ClCompile Include="UDPClient.cpp">
      <Filter>源文件</Filter>
    </ClCompile>
    <ClCompile Include="TestProtocolDlg.cpp">
      <Filter>源文件</Filter>
    </ClCompile>
    <ClCompile Include="..\Include\Charset\CharsetConvert.cpp">
      <Filter>Charset</Filter>
    </ClCompile>
    <ClCompile Include="..\Include\Charset\CharsetConvertMFC.cpp">
      <Filter>Charset</Filter>
    </ClCompile>
    <ClCompile Include="..\Include\Charset\CharsetConvertSTD.cpp">
      <Filter>Charset</Filter>
    </ClCompile>
    <ClCompile Include="TestPtoServerDlg.cpp">
      <Filter>源文件</Filter>
    </ClCompile>
    <ClCompile Include="Net\HttpServerChannel.cpp">
      <Filter>Net\HttpServer</Filter>
    </ClCompile>
    <ClCompile Include="Net\HttpServerModule.cpp">
      <Filter>Net\HttpServer</Filter>
    </ClCompile>
    <ClCompile Include="Net\CCBUtility.cpp">
      <Filter>Net\UDPServer</Filter>
    </ClCompile>
    <ClCompile Include="Net\UDPServerChannel.cpp">
      <Filter>Net\UDPServer</Filter>
    </ClCompile>
    <ClCompile Include="Net\UDPServerModule.cpp">
      <Filter>Net\UDPServer</Filter>
    </ClCompile>
  </ItemGroup>
  <ItemGroup>
    <ResourceCompile Include="TestBurnServer.rc">
      <Filter>资源文件</Filter>
    </ResourceCompile>
  </ItemGroup>
  <ItemGroup>
    <None Include="res\TestBurnServer.rc2">
      <Filter>资源文件</Filter>
    </None>
  </ItemGroup>
  <ItemGroup>
    <Image Include="res\TestBurnServer.ico">
      <Filter>资源文件</Filter>
    </Image>
  </ItemGroup>
</Project>